
Microsoft Visual Studio Solution File, Format Version 12.00
# Visual Studio 15
Project("{FAE04EC0-301F-11D3-BF4B-00C04F79EFBC}") = "Assembly-CSharp", "Assembly-CSharp.csproj", "{A006FF24-6541-F7C6-6C0D-A2D0B39F37FE}"
EndProject
Project("{FAE04EC0-301F-11D3-BF4B-00C04F79EFBC}") = "Assembly-CSharp-Editor-firstpass", "Assembly-CSharp-Editor-firstpass.csproj", "{509C88F6-6769-5832-E816-DB6B6B687653}"
EndProject
Global
	GlobalSection(SolutionConfigurationPlatforms) = preSolution
		Debug|Any CPU = Debug|Any CPU
		Release|Any CPU = Release|Any CPU
	EndGlobalSection
	GlobalSection(ProjectConfigurationPlatforms) = postSolution
		{A006FF24-6541-F7C6-6C0D-A2D0B39F37FE}.Debug|Any CPU.ActiveCfg = Debug|Any CPU
		{A006FF24-6541-F7C6-6C0D-A2D0B39F37FE}.Debug|Any CPU.Build.0 = Debug|Any CPU
		{A006FF24-6541-F7C6-6C0D-A2D0B39F37FE}.Release|Any CPU.ActiveCfg = Release|Any CPU
		{A006FF24-6541-F7C6-6C0D-A2D0B39F37FE}.Release|Any CPU.Build.0 = Release|Any CPU
		{509C88F6-6769-5832-E816-DB6B6B687653}.Debug|Any CPU.ActiveCfg = Debug|Any CPU
		{509C88F6-6769-5832-E816-DB6B6B687653}.Debug|Any CPU.Build.0 = Debug|Any CPU
		{509C88F6-6769-5832-E816-DB6B6B687653}.Release|Any CPU.ActiveCfg = Release|Any CPU
		{509C88F6-6769-5832-E816-DB6B6B687653}.Release|Any CPU.Build.0 = Release|Any CPU
	EndGlobalSection
	GlobalSection(SolutionProperties) = preSolution
		HideSolutionNode = FALSE
	EndGlobalSection
EndGlobal
